{
  "pins" : [
    {
      "identity" : "iqkeyboardmanager",
      "kind" : "remoteSourceControl",
      "location" : "https://github.com/hackiftekhar/IQKeyboardManager",
      "state" : {
        "revision" : "b6bac3571ac50c9218a0bb5147ec04399ff66b44",
        "version" : "6.5.8"
      }
    }
  ],
  "version" : 2
}
